
Microsoft Visual Studio Solution File, Format Version 12.00
# Visual Studio Version 16
VisualStudioVersion = 16.0.30114.105
MinimumVisualStudioVersion = 10.0.40219.1
Project("{FAE04EC0-301F-11D3-BF4B-00C04F79EFBC}") = "TareaOperaciones", "TareaOperaciones\TareaOperaciones.csproj", "{0F10F2B7-7C00-4C01-A2E0-2D264168FAA7}"
EndProject
Project("{FAE04EC0-301F-11D3-BF4B-00C04F79EFBC}") = "TareaCapas", "TareaCapas\TareaCapas.csproj", "{7050E43A-C72C-4032-96CA-27968C09AC76}"
EndProject
Project("{FAE04EC0-301F-11D3-BF4B-00C04F79EFBC}") = "frmCapas", "frmCapas\frmCapas.csproj", "{383730F0-5D91-4B9D-9889-8A4E8E4DD421}"
EndProject
Project("{FAE04EC0-301F-11D3-BF4B-00C04F79EFBC}") = "WebCapasTarea", "WebCapasTarea\WebCapasTarea.csproj", "{5E7EC2B4-8AA4-4F56-A77D-FAC98B6B2444}"
EndProject
Global
	GlobalSection(SolutionConfigurationPlatforms) = preSolution
		Debug|Any CPU = Debug|Any CPU
		Release|Any CPU = Release|Any CPU
	EndGlobalSection
	GlobalSection(ProjectConfigurationPlatforms) = postSolution
		{0F10F2B7-7C00-4C01-A2E0-2D264168FAA7}.Debug|Any CPU.ActiveCfg = Debug|Any CPU
		{0F10F2B7-7C00-4C01-A2E0-2D264168FAA7}.Debug|Any CPU.Build.0 = Debug|Any CPU
		{0F10F2B7-7C00-4C01-A2E0-2D264168FAA7}.Release|Any CPU.ActiveCfg = Release|Any CPU
		{0F10F2B7-7C00-4C01-A2E0-2D264168FAA7}.Release|Any CPU.Build.0 = Release|Any CPU
		{7050E43A-C72C-4032-96CA-27968C09AC76}.Debug|Any CPU.ActiveCfg = Debug|Any CPU
		{7050E43A-C72C-4032-96CA-27968C09AC76}.Debug|Any CPU.Build.0 = Debug|Any CPU
		{7050E43A-C72C-4032-96CA-27968C09AC76}.Release|Any CPU.ActiveCfg = Release|Any CPU
		{7050E43A-C72C-4032-96CA-27968C09AC76}.Release|Any CPU.Build.0 = Release|Any CPU
		{383730F0-5D91-4B9D-9889-8A4E8E4DD421}.Debug|Any CPU.ActiveCfg = Debug|Any CPU
		{383730F0-5D91-4B9D-9889-8A4E8E4DD421}.Debug|Any CPU.Build.0 = Debug|Any CPU
		{383730F0-5D91-4B9D-9889-8A4E8E4DD421}.Release|Any CPU.ActiveCfg = Release|Any CPU
		{383730F0-5D91-4B9D-9889-8A4E8E4DD421}.Release|Any CPU.Build.0 = Release|Any CPU
		{5E7EC2B4-8AA4-4F56-A77D-FAC98B6B2444}.Debug|Any CPU.ActiveCfg = Debug|Any CPU
		{5E7EC2B4-8AA4-4F56-A77D-FAC98B6B2444}.Debug|Any CPU.Build.0 = Debug|Any CPU
		{5E7EC2B4-8AA4-4F56-A77D-FAC98B6B2444}.Release|Any CPU.ActiveCfg = Release|Any CPU
		{5E7EC2B4-8AA4-4F56-A77D-FAC98B6B2444}.Release|Any CPU.Build.0 = Release|Any CPU
	EndGlobalSection
	GlobalSection(SolutionProperties) = preSolution
		HideSolutionNode = FALSE
	EndGlobalSection
	GlobalSection(ExtensibilityGlobals) = postSolution
		SolutionGuid = {369F9B91-0DB5-4B42-B253-569F71D8ECB4}
	EndGlobalSection
EndGlobal
